
Microsoft Visual Studio Solution File, Format Version 12.00
# Visual Studio 15
VisualStudioVersion = 15.0.28307.168
MinimumVisualStudioVersion = 10.0.40219.1
Project("{FAE04EC0-301F-11D3-BF4B-00C04F79EFBC}") = "Bell2", "Bell2\Bell2.csproj", "{DD8B1EE4-145C-47BF-9509-B3A9CEEC1768}"
EndProject
Global
	GlobalSection(SolutionConfigurationPlatforms) = preSolution
		Debug|Any CPU = Debug|Any CPU
		Release|Any CPU = Release|Any CPU
	EndGlobalSection
	GlobalSection(ProjectConfigurationPlatforms) = postSolution
		{DD8B1EE4-145C-47BF-9509-B3A9CEEC1768}.Debug|Any CPU.ActiveCfg = Debug|Any CPU
		{DD8B1EE4-145C-47BF-9509-B3A9CEEC1768}.Debug|Any CPU.Build.0 = Debug|Any CPU
		{DD8B1EE4-145C-47BF-9509-B3A9CEEC1768}.Release|Any CPU.ActiveCfg = Release|Any CPU
		{DD8B1EE4-145C-47BF-9509-B3A9CEEC1768}.Release|Any CPU.Build.0 = Release|Any CPU
	EndGlobalSection
	GlobalSection(SolutionProperties) = preSolution
		HideSolutionNode = FALSE
	EndGlobalSection
	GlobalSection(ExtensibilityGlobals) = postSolution
		SolutionGuid = {6B1C740E-FA97-46B5-9158-9A81E64F0633}
	EndGlobalSection
EndGlobal
