
Microsoft Visual Studio Solution File, Format Version 12.00
# Visual Studio 15
VisualStudioVersion = 15.0.27703.2018
MinimumVisualStudioVersion = 10.0.40219.1
Project("{FAE04EC0-301F-11D3-BF4B-00C04F79EFBC}") = "BotApplication1", "BotApplication1\BotApplication1.csproj", "{F29763F7-89A3-4D23-85B2-E7F27070CFEF}"
EndProject
Global
	GlobalSection(SolutionConfigurationPlatforms) = preSolution
		Debug|Any CPU = Debug|Any CPU
		Release|Any CPU = Release|Any CPU
	EndGlobalSection
	GlobalSection(ProjectConfigurationPlatforms) = postSolution
		{F29763F7-89A3-4D23-85B2-E7F27070CFEF}.Debug|Any CPU.ActiveCfg = Debug|Any CPU
		{F29763F7-89A3-4D23-85B2-E7F27070CFEF}.Debug|Any CPU.Build.0 = Debug|Any CPU
		{F29763F7-89A3-4D23-85B2-E7F27070CFEF}.Release|Any CPU.ActiveCfg = Release|Any CPU
		{F29763F7-89A3-4D23-85B2-E7F27070CFEF}.Release|Any CPU.Build.0 = Release|Any CPU
	EndGlobalSection
	GlobalSection(SolutionProperties) = preSolution
		HideSolutionNode = FALSE
	EndGlobalSection
	GlobalSection(ExtensibilityGlobals) = postSolution
		SolutionGuid = {C90172B1-4B46-4975-BB13-72F1565B22F1}
	EndGlobalSection
EndGlobal
