
Microsoft Visual Studio Solution File, Format Version 12.00
# Visual Studio 15
VisualStudioVersion = 15.0.28107.0
MinimumVisualStudioVersion = 10.0.40219.1
Project("{FAE04EC0-301F-11D3-BF4B-00C04F79EFBC}") = "XamarinBlank.Android", "XamarinBlank\XamarinBlank.Android\XamarinBlank.Android.csproj", "{F8D672D0-D39E-44D2-A8A9-8C225AF5D63C}"
EndProject
Project("{FAE04EC0-301F-11D3-BF4B-00C04F79EFBC}") = "XamarinBlank.iOS", "XamarinBlank\XamarinBlank.iOS\XamarinBlank.iOS.csproj", "{9821D1B7-52AE-46E1-9A4C-AD43CAA0C993}"
EndProject
Project("{FAE04EC0-301F-11D3-BF4B-00C04F79EFBC}") = "XamarinBlank", "XamarinBlank\XamarinBlank\XamarinBlank.csproj", "{D1392A13-A760-4298-81BC-45E9236F6549}"
EndProject
Global
	GlobalSection(SolutionConfigurationPlatforms) = preSolution
		Ad-Hoc|Any CPU = Ad-Hoc|Any CPU
		Ad-Hoc|iPhone = Ad-Hoc|iPhone
		Ad-Hoc|iPhoneSimulator = Ad-Hoc|iPhoneSimulator
		AppStore|Any CPU = AppStore|Any CPU
		AppStore|iPhone = AppStore|iPhone
		AppStore|iPhoneSimulator = AppStore|iPhoneSimulator
		Debug|Any CPU = Debug|Any CPU
		Debug|iPhone = Debug|iPhone
		Debug|iPhoneSimulator = Debug|iPhoneSimulator
		Release|Any CPU = Release|Any CPU
		Release|iPhone = Release|iPhone
		Release|iPhoneSimulator = Release|iPhoneSimulator
	EndGlobalSection
	GlobalSection(ProjectConfigurationPlatforms) = postSolution
		{F8D672D0-D39E-44D2-A8A9-8C225AF5D63C}.Ad-Hoc|Any CPU.ActiveCfg = Release|Any CPU
		{F8D672D0-D39E-44D2-A8A9-8C225AF5D63C}.Ad-Hoc|Any CPU.Build.0 = Release|Any CPU
		{F8D672D0-D39E-44D2-A8A9-8C225AF5D63C}.Ad-Hoc|Any CPU.Deploy.0 = Release|Any CPU
		{F8D672D0-D39E-44D2-A8A9-8C225AF5D63C}.Ad-Hoc|iPhone.ActiveCfg = Release|Any CPU
		{F8D672D0-D39E-44D2-A8A9-8C225AF5D63C}.Ad-Hoc|iPhone.Build.0 = Release|Any CPU
		{F8D672D0-D39E-44D2-A8A9-8C225AF5D63C}.Ad-Hoc|iPhone.Deploy.0 = Release|Any CPU
		{F8D672D0-D39E-44D2-A8A9-8C225AF5D63C}.Ad-Hoc|iPhoneSimulator.ActiveCfg = Release|Any CPU
		{F8D672D0-D39E-44D2-A8A9-8C225AF5D63C}.Ad-Hoc|iPhoneSimulator.Build.0 = Release|Any CPU
		{F8D672D0-D39E-44D2-A8A9-8C225AF5D63C}.Ad-Hoc|iPhoneSimulator.Deploy.0 = Release|Any CPU
		{F8D672D0-D39E-44D2-A8A9-8C225AF5D63C}.AppStore|Any CPU.ActiveCfg = Release|Any CPU
		{F8D672D0-D39E-44D2-A8A9-8C225AF5D63C}.AppStore|Any CPU.Build.0 = Release|Any CPU
		{F8D672D0-D39E-44D2-A8A9-8C225AF5D63C}.AppStore|Any CPU.Deploy.0 = Release|Any CPU
		{F8D672D0-D39E-44D2-A8A9-8C225AF5D63C}.AppStore|iPhone.ActiveCfg = Release|Any CPU
		{F8D672D0-D39E-44D2-A8A9-8C225AF5D63C}.AppStore|iPhone.Build.0 = Release|Any CPU
		{F8D672D0-D39E-44D2-A8A9-8C225AF5D63C}.AppStore|iPhone.Deploy.0 = Release|Any CPU
		{F8D672D0-D39E-44D2-A8A9-8C225AF5D63C}.AppStore|iPhoneSimulator.ActiveCfg = Release|Any CPU
		{F8D672D0-D39E-44D2-A8A9-8C225AF5D63C}.AppStore|iPhoneSimulator.Build.0 = Release|Any CPU
		{F8D672D0-D39E-44D2-A8A9-8C225AF5D63C}.AppStore|iPhoneSimulator.Deploy.0 = Release|Any CPU
		{F8D672D0-D39E-44D2-A8A9-8C225AF5D63C}.Debug|Any CPU.ActiveCfg = Debug|Any CPU
		{F8D672D0-D39E-44D2-A8A9-8C225AF5D63C}.Debug|Any CPU.Build.0 = Debug|Any CPU
		{F8D672D0-D39E-44D2-A8A9-8C225AF5D63C}.Debug|Any CPU.Deploy.0 = Debug|Any CPU
		{F8D672D0-D39E-44D2-A8A9-8C225AF5D63C}.Debug|iPhone.ActiveCfg = Debug|Any CPU
		{F8D672D0-D39E-44D2-A8A9-8C225AF5D63C}.Debug|iPhone.Build.0 = Debug|Any CPU
		{F8D672D0-D39E-44D2-A8A9-8C225AF5D63C}.Debug|iPhone.Deploy.0 = Debug|Any CPU
		{F8D672D0-D39E-44D2-A8A9-8C225AF5D63C}.Debug|iPhoneSimulator.ActiveCfg = Debug|Any CPU
		{F8D672D0-D39E-44D2-A8A9-8C225AF5D63C}.Debug|iPhoneSimulator.Build.0 = Debug|Any CPU
		{F8D672D0-D39E-44D2-A8A9-8C225AF5D63C}.Debug|iPhoneSimulator.Deploy.0 = Debug|Any CPU
		{F8D672D0-D39E-44D2-A8A9-8C225AF5D63C}.Release|Any CPU.ActiveCfg = Release|Any CPU
		{F8D672D0-D39E-44D2-A8A9-8C225AF5D63C}.Release|Any CPU.Build.0 = Release|Any CPU
		{F8D672D0-D39E-44D2-A8A9-8C225AF5D63C}.Release|Any CPU.Deploy.0 = Release|Any CPU
		{F8D672D0-D39E-44D2-A8A9-8C225AF5D63C}.Release|iPhone.ActiveCfg = Release|Any CPU
		{F8D672D0-D39E-44D2-A8A9-8C225AF5D63C}.Release|iPhone.Build.0 = Release|Any CPU
		{F8D672D0-D39E-44D2-A8A9-8C225AF5D63C}.Release|iPhone.Deploy.0 = Release|Any CPU
		{F8D672D0-D39E-44D2-A8A9-8C225AF5D63C}.Release|iPhoneSimulator.ActiveCfg = Release|Any CPU
		{F8D672D0-D39E-44D2-A8A9-8C225AF5D63C}.Release|iPhoneSimulator.Build.0 = Release|Any CPU
		{F8D672D0-D39E-44D2-A8A9-8C225AF5D63C}.Release|iPhoneSimulator.Deploy.0 = Release|Any CPU
		{9821D1B7-52AE-46E1-9A4C-AD43CAA0C993}.Ad-Hoc|Any CPU.ActiveCfg = Ad-Hoc|iPhone
		{9821D1B7-52AE-46E1-9A4C-AD43CAA0C993}.Ad-Hoc|Any CPU.Build.0 = Ad-Hoc|iPhone
		{9821D1B7-52AE-46E1-9A4C-AD43CAA0C993}.Ad-Hoc|Any CPU.Deploy.0 = Ad-Hoc|iPhone
		{9821D1B7-52AE-46E1-9A4C-AD43CAA0C993}.Ad-Hoc|iPhone.ActiveCfg = Ad-Hoc|iPhone
		{9821D1B7-52AE-46E1-9A4C-AD43CAA0C993}.Ad-Hoc|iPhone.Build.0 = Ad-Hoc|iPhone
		{9821D1B7-52AE-46E1-9A4C-AD43CAA0C993}.Ad-Hoc|iPhone.Deploy.0 = Ad-Hoc|iPhone
		{9821D1B7-52AE-46E1-9A4C-AD43CAA0C993}.Ad-Hoc|iPhoneSimulator.ActiveCfg = Ad-Hoc|iPhoneSimulator
		{9821D1B7-52AE-46E1-9A4C-AD43CAA0C993}.Ad-Hoc|iPhoneSimulator.Build.0 = Ad-Hoc|iPhoneSimulator
		{9821D1B7-52AE-46E1-9A4C-AD43CAA0C993}.Ad-Hoc|iPhoneSimulator.Deploy.0 = Ad-Hoc|iPhoneSimulator
		{9821D1B7-52AE-46E1-9A4C-AD43CAA0C993}.AppStore|Any CPU.ActiveCfg = AppStore|iPhone
		{9821D1B7-52AE-46E1-9A4C-AD43CAA0C993}.AppStore|Any CPU.Build.0 = AppStore|iPhone
		{9821D1B7-52AE-46E1-9A4C-AD43CAA0C993}.AppStore|Any CPU.Deploy.0 = AppStore|iPhone
		{9821D1B7-52AE-46E1-9A4C-AD43CAA0C993}.AppStore|iPhone.ActiveCfg = AppStore|iPhone
		{9821D1B7-52AE-46E1-9A4C-AD43CAA0C993}.AppStore|iPhone.Build.0 = AppStore|iPhone
		{9821D1B7-52AE-46E1-9A4C-AD43CAA0C993}.AppStore|iPhone.Deploy.0 = AppStore|iPhone
		{9821D1B7-52AE-46E1-9A4C-AD43CAA0C993}.AppStore|iPhoneSimulator.ActiveCfg = AppStore|iPhoneSimulator
		{9821D1B7-52AE-46E1-9A4C-AD43CAA0C993}.AppStore|iPhoneSimulator.Build.0 = AppStore|iPhoneSimulator
		{9821D1B7-52AE-46E1-9A4C-AD43CAA0C993}.AppStore|iPhoneSimulator.Deploy.0 = AppStore|iPhoneSimulator
		{9821D1B7-52AE-46E1-9A4C-AD43CAA0C993}.Debug|Any CPU.ActiveCfg = Debug|iPhoneSimulator
		{9821D1B7-52AE-46E1-9A4C-AD43CAA0C993}.Debug|Any CPU.Build.0 = Debug|iPhoneSimulator
		{9821D1B7-52AE-46E1-9A4C-AD43CAA0C993}.Debug|Any CPU.Deploy.0 = Debug|iPhoneSimulator
		{9821D1B7-52AE-46E1-9A4C-AD43CAA0C993}.Debug|iPhone.ActiveCfg = Debug|iPhone
		{9821D1B7-52AE-46E1-9A4C-AD43CAA0C993}.Debug|iPhone.Build.0 = Debug|iPhone
		{9821D1B7-52AE-46E1-9A4C-AD43CAA0C993}.Debug|iPhone.Deploy.0 = Debug|iPhone
		{9821D1B7-52AE-46E1-9A4C-AD43CAA0C993}.Debug|iPhoneSimulator.ActiveCfg = Debug|iPhoneSimulator
		{9821D1B7-52AE-46E1-9A4C-AD43CAA0C993}.Debug|iPhoneSimulator.Build.0 = Debug|iPhoneSimulator
		{9821D1B7-52AE-46E1-9A4C-AD43CAA0C993}.Debug|iPhoneSimulator.Deploy.0 = Debug|iPhoneSimulator
		{9821D1B7-52AE-46E1-9A4C-AD43CAA0C993}.Release|Any CPU.ActiveCfg = Release|iPhone
		{9821D1B7-52AE-46E1-9A4C-AD43CAA0C993}.Release|Any CPU.Build.0 = Release|iPhone
		{9821D1B7-52AE-46E1-9A4C-AD43CAA0C993}.Release|Any CPU.Deploy.0 = Release|iPhone
		{9821D1B7-52AE-46E1-9A4C-AD43CAA0C993}.Release|iPhone.ActiveCfg = Release|iPhone
		{9821D1B7-52AE-46E1-9A4C-AD43CAA0C993}.Release|iPhone.Build.0 = Release|iPhone
		{9821D1B7-52AE-46E1-9A4C-AD43CAA0C993}.Release|iPhone.Deploy.0 = Release|iPhone
		{9821D1B7-52AE-46E1-9A4C-AD43CAA0C993}.Release|iPhoneSimulator.ActiveCfg = Release|iPhoneSimulator
		{9821D1B7-52AE-46E1-9A4C-AD43CAA0C993}.Release|iPhoneSimulator.Build.0 = Release|iPhoneSimulator
		{9821D1B7-52AE-46E1-9A4C-AD43CAA0C993}.Release|iPhoneSimulator.Deploy.0 = Release|iPhoneSimulator
		{D1392A13-A760-4298-81BC-45E9236F6549}.Ad-Hoc|Any CPU.ActiveCfg = Debug|Any CPU
		{D1392A13-A760-4298-81BC-45E9236F6549}.Ad-Hoc|Any CPU.Build.0 = Debug|Any CPU
		{D1392A13-A760-4298-81BC-45E9236F6549}.Ad-Hoc|Any CPU.Deploy.0 = Debug|Any CPU
		{D1392A13-A760-4298-81BC-45E9236F6549}.Ad-Hoc|iPhone.ActiveCfg = Debug|Any CPU
		{D1392A13-A760-4298-81BC-45E9236F6549}.Ad-Hoc|iPhone.Build.0 = Debug|Any CPU
		{D1392A13-A760-4298-81BC-45E9236F6549}.Ad-Hoc|iPhone.Deploy.0 = Debug|Any CPU
		{D1392A13-A760-4298-81BC-45E9236F6549}.Ad-Hoc|iPhoneSimulator.ActiveCfg = Debug|Any CPU
		{D1392A13-A760-4298-81BC-45E9236F6549}.Ad-Hoc|iPhoneSimulator.Build.0 = Debug|Any CPU
		{D1392A13-A760-4298-81BC-45E9236F6549}.Ad-Hoc|iPhoneSimulator.Deploy.0 = Debug|Any CPU
		{D1392A13-A760-4298-81BC-45E9236F6549}.AppStore|Any CPU.ActiveCfg = Debug|Any CPU
		{D1392A13-A760-4298-81BC-45E9236F6549}.AppStore|Any CPU.Build.0 = Debug|Any CPU
		{D1392A13-A760-4298-81BC-45E9236F6549}.AppStore|Any CPU.Deploy.0 = Debug|Any CPU
		{D1392A13-A760-4298-81BC-45E9236F6549}.AppStore|iPhone.ActiveCfg = Debug|Any CPU
		{D1392A13-A760-4298-81BC-45E9236F6549}.AppStore|iPhone.Build.0 = Debug|Any CPU
		{D1392A13-A760-4298-81BC-45E9236F6549}.AppStore|iPhone.Deploy.0 = Debug|Any CPU
		{D1392A13-A760-4298-81BC-45E9236F6549}.AppStore|iPhoneSimulator.ActiveCfg = Debug|Any CPU
		{D1392A13-A760-4298-81BC-45E9236F6549}.AppStore|iPhoneSimulator.Build.0 = Debug|Any CPU
		{D1392A13-A760-4298-81BC-45E9236F6549}.AppStore|iPhoneSimulator.Deploy.0 = Debug|Any CPU
		{D1392A13-A760-4298-81BC-45E9236F6549}.Debug|Any CPU.ActiveCfg = Debug|Any CPU
		{D1392A13-A760-4298-81BC-45E9236F6549}.Debug|Any CPU.Build.0 = Debug|Any CPU
		{D1392A13-A760-4298-81BC-45E9236F6549}.Debug|Any CPU.Deploy.0 = Debug|Any CPU
		{D1392A13-A760-4298-81BC-45E9236F6549}.Debug|iPhone.ActiveCfg = Debug|Any CPU
		{D1392A13-A760-4298-81BC-45E9236F6549}.Debug|iPhone.Build.0 = Debug|Any CPU
		{D1392A13-A760-4298-81BC-45E9236F6549}.Debug|iPhone.Deploy.0 = Debug|Any CPU
		{D1392A13-A760-4298-81BC-45E9236F6549}.Debug|iPhoneSimulator.ActiveCfg = Debug|Any CPU
		{D1392A13-A760-4298-81BC-45E9236F6549}.Debug|iPhoneSimulator.Build.0 = Debug|Any CPU
		{D1392A13-A760-4298-81BC-45E9236F6549}.Debug|iPhoneSimulator.Deploy.0 = Debug|Any CPU
		{D1392A13-A760-4298-81BC-45E9236F6549}.Release|Any CPU.ActiveCfg = Release|Any CPU
		{D1392A13-A760-4298-81BC-45E9236F6549}.Release|Any CPU.Build.0 = Release|Any CPU
		{D1392A13-A760-4298-81BC-45E9236F6549}.Release|Any CPU.Deploy.0 = Release|Any CPU
		{D1392A13-A760-4298-81BC-45E9236F6549}.Release|iPhone.ActiveCfg = Release|Any CPU
		{D1392A13-A760-4298-81BC-45E9236F6549}.Release|iPhone.Build.0 = Release|Any CPU
		{D1392A13-A760-4298-81BC-45E9236F6549}.Release|iPhone.Deploy.0 = Release|Any CPU
		{D1392A13-A760-4298-81BC-45E9236F6549}.Release|iPhoneSimulator.ActiveCfg = Release|Any CPU
		{D1392A13-A760-4298-81BC-45E9236F6549}.Release|iPhoneSimulator.Build.0 = Release|Any CPU
		{D1392A13-A760-4298-81BC-45E9236F6549}.Release|iPhoneSimulator.Deploy.0 = Release|Any CPU
	EndGlobalSection
	GlobalSection(SolutionProperties) = preSolution
		HideSolutionNode = FALSE
	EndGlobalSection
	GlobalSection(ExtensibilityGlobals) = postSolution
		SolutionGuid = {5D0B0A1D-8C28-4007-996E-2D983274DC19}
	EndGlobalSection
EndGlobal
